// !$*UTF8*$!
{
	archiveVersion = 1;
	classes = {
	};
	objectVersion = 46;
	objects = {

/* Begin PBXBuildFile section */
		DFAAACA01D4728F1009CBA50 /* main.m in Sources */ = {isa = PBXBuildFile; fileRef = DFAAAC9F1D4728F1009CBA50 /* main.m */; };
		DFAAACA31D4728F1009CBA50 /* AppDelegate.m in Sources */ = {isa = PBXBuildFile; fileRef = DFAAACA21D4728F1009CBA50 /* AppDelegate.m */; };
		DFAAACA61D4728F1009CBA50 /* ViewController.m in Sources */ = {isa = PBXBuildFile; fileRef = DFAAACA51D4728F1009CBA50 /* ViewController.m */; };
		DFAAACA91D4728F1009CBA50 /* Main.storyboard in Resources */ = {isa = PBXBuildFile; fileRef = DFAAACA71D4728F1009CBA50 /* Main.storyboard */; };
		DFAAACAB1D4728F1009CBA50 /* Assets.xcassets in Resources */ = {isa = PBXBuildFile; fileRef = DFAAACAA1D4728F1009CBA50 /* Assets.xcassets */; };
		DFAAACAE1D4728F1009CBA50 /* LaunchScreen.storyboard in Resources */ = {isa = PBXBuildFile; fileRef = DFAAACAC1D4728F1009CBA50 /* LaunchScreen.storyboard */; };
		DFAAACBB1D472A79009CBA50 /* FTBarChartViewController.m in Sources */ = {isa = PBXBuildFile; fileRef = DFAAACBA1D472A79009CBA50 /* FTBarChartViewController.m */; };
		DFAAACBE1D472AB7009CBA50 /* FTBarChart.m in Sources */ = {isa = PBXBuildFile; fileRef = DFAAACBD1D472AB7009CBA50 /* FTBarChart.m */; };
		DFAAACC11D472E19009CBA50 /* FTBarChartMessage.m in Sources */ = {isa = PBXBuildFile; fileRef = DFAAACC01D472E19009CBA50 /* FTBarChartMessage.m */; };
		DFAAACC41D47345E009CBA50 /* FTBarView.m in Sources */ = {isa = PBXBuildFile; fileRef = DFAAACC31D47345E009CBA50 /* FTBarView.m */; };
/* End PBXBuildFile section */

/* Begin PBXFileReference section */
		DFAAAC9B1D4728F1009CBA50 /* FTBarChart.app */ = {isa = PBXFileReference; explicitFileType = wrapper.application; includeInIndex = 0; path = FTBarChart.app; sourceTree = BUILT_PRODUCTS_DIR; };
		DFAAAC9F1D4728F1009CBA50 /* main.m */ = {isa = PBXFileReference; lastKnownFileType = sourcecode.c.objc; path = main.m; sourceTree = "<group>"; };
		DFAAACA11D4728F1009CBA50 /* AppDelegate.h */ = {isa = PBXFileReference; lastKnownFileType = sourcecode.c.h; path = AppDelegate.h; sourceTree = "<group>"; };
		DFAAACA21D4728F1009CBA50 /* AppDelegate.m */ = {isa = PBXFileReference; lastKnownFileType = sourcecode.c.objc; path = AppDelegate.m; sourceTree = "<group>"; };
		DFAAACA41D4728F1009CBA50 /* ViewController.h */ = {isa = PBXFileReference; lastKnownFileType = sourcecode.c.h; path = ViewController.h; sourceTree = "<group>"; };
		DFAAACA51D4728F1009CBA50 /* ViewController.m */ = {isa = PBXFileReference; lastKnownFileType = sourcecode.c.objc; path = ViewController.m; sourceTree = "<group>"; };
		DFAAACA81D4728F1009CBA50 /* Base */ = {isa = PBXFileReference; lastKnownFileType = file.storyboard; name = Base; path = Base.lproj/Main.storyboard; sourceTree = "<group>"; };
		DFAAACAA1D4728F1009CBA50 /* Assets.xcassets */ = {isa = PBXFileReference; lastKnownFileType = folder.assetcatalog; path = Assets.xcassets; sourceTree = "<group>"; };
		DFAAACAD1D4728F1009CBA50 /* Base */ = {isa = PBXFileReference; lastKnownFileType = file.storyboard; name = Base; path = Base.lproj/LaunchScreen.storyboard; sourceTree = "<group>"; };
		DFAAACAF1D4728F1009CBA50 /* Info.plist */ = {isa = PBXFileReference; lastKnownFileType = text.plist.xml; path = Info.plist; sourceTree = "<group>"; };
		DFAAACB91D472A79009CBA50 /* FTBarChartViewController.h */ = {isa = PBXFileReference; fileEncoding = 4; lastKnownFileType = sourcecode.c.h; path = FTBarChartViewController.h; sourceTree = "<group>"; };
		DFAAACBA1D472A79009CBA50 /* FTBarChartViewController.m */ = {isa = PBXFileReference; fileEncoding = 4; lastKnownFileType = sourcecode.c.objc; path = FTBarChartViewController.m; sourceTree = "<group>"; };
		DFAAACBC1D472AB7009CBA50 /* FTBarChart.h */ = {isa = PBXFileReference; fileEncoding = 4; lastKnownFileType = sourcecode.c.h; path = FTBarChart.h; sourceTree = "<group>"; };
		DFAAACBD1D472AB7009CBA50 /* FTBarChart.m */ = {isa = PBXFileReference; fileEncoding = 4; lastKnownFileType = sourcecode.c.objc; path = FTBarChart.m; sourceTree = "<group>"; };
		DFAAACBF1D472E19009CBA50 /* FTBarChartMessage.h */ = {isa = PBXFileReference; fileEncoding = 4; lastKnownFileType = sourcecode.c.h; path = FTBarChartMessage.h; sourceTree = "<group>"; };
		DFAAACC01D472E19009CBA50 /* FTBarChartMessage.m */ = {isa = PBXFileReference; fileEncoding = 4; lastKnownFileType = sourcecode.c.objc; path = FTBarChartMessage.m; sourceTree = "<group>"; };
		DFAAACC21D47345E009CBA50 /* FTBarView.h */ = {isa = PBXFileReference; fileEncoding = 4; lastKnownFileType = sourcecode.c.h; path = FTBarView.h; sourceTree = "<group>"; };
		DFAAACC31D47345E009CBA50 /* FTBarView.m */ = {isa = PBXFileReference; fileEncoding = 4; lastKnownFileType = sourcecode.c.objc; path = FTBarView.m; sourceTree = "<group>"; };
/* End PBXFileReference section */

/* Begin PBXFrameworksBuildPhase section */
		DFAAAC981D4728F1009CBA50 /* Frameworks */ = {
			isa = PBXFrameworksBuildPhase;
			buildActionMask = 2147483647;
			files = (
			);
			runOnlyForDeploymentPostprocessing = 0;
		};
/* End PBXFrameworksBuildPhase section */

/* Begin PBXGroup section */
		DFAAAC921D4728F1009CBA50 = {
			isa = PBXGroup;
			children = (
				DFAAAC9D1D4728F1009CBA50 /* FTBarChart */,
				DFAAAC9C1D4728F1009CBA50 /* Products */,
			);
			sourceTree = "<group>";
		};
		DFAAAC9C1D4728F1009CBA50 /* Products */ = {
			isa = PBXGroup;
			children = (
				DFAAAC9B1D4728F1009CBA50 /* FTBarChart.app */,
			);
			name = Products;
			sourceTree = "<group>";
		};
		DFAAAC9D1D4728F1009CBA50 /* FTBarChart */ = {
			isa = PBXGroup;
			children = (
				DFAAACB51D4729B7009CBA50 /* FTBarChat */,
				DFAAACA11D4728F1009CBA50 /* AppDelegate.h */,
				DFAAACA21D4728F1009CBA50 /* AppDelegate.m */,
				DFAAACA41D4728F1009CBA50 /* ViewController.h */,
				DFAAACA51D4728F1009CBA50 /* ViewController.m */,
				DFAAACA71D4728F1009CBA50 /* Main.storyboard */,
				DFAAACAA1D4728F1009CBA50 /* Assets.xcassets */,
				DFAAACAC1D4728F1009CBA50 /* LaunchScreen.storyboard */,
				DFAAACAF1D4728F1009CBA50 /* Info.plist */,
				DFAAAC9E1D4728F1009CBA50 /* Supporting Files */,
			);
			path = FTBarChart;
			sourceTree = "<group>";
		};
		DFAAAC9E1D4728F1009CBA50 /* Supporting Files */ = {
			isa = PBXGroup;
			children = (
				DFAAAC9F1D4728F1009CBA50 /* main.m */,
			);
			name = "Supporting Files";
			sourceTree = "<group>";
		};
		DFAAACB51D4729B7009CBA50 /* FTBarChat */ = {
			isa = PBXGroup;
			children = (
				DFAAACB91D472A79009CBA50 /* FTBarChartViewController.h */,
				DFAAACBA1D472A79009CBA50 /* FTBarChartViewController.m */,
				DFAAACBF1D472E19009CBA50 /* FTBarChartMessage.h */,
				DFAAACC01D472E19009CBA50 /* FTBarChartMessage.m */,
				DFAAACBC1D472AB7009CBA50 /* FTBarChart.h */,
				DFAAACBD1D472AB7009CBA50 /* FTBarChart.m */,
				DFAAACC21D47345E009CBA50 /* FTBarView.h */,
				DFAAACC31D47345E009CBA50 /* FTBarView.m */,
			);
			path = FTBarChat;
			sourceTree = "<group>";
		};
/* End PBXGroup section */

/* Begin PBXNativeTarget section */
		DFAAAC9A1D4728F1009CBA50 /* FTBarChart */ = {
			isa = PBXNativeTarget;
			buildConfigurationList = DFAAACB21D4728F1009CBA50 /* Build configuration list for PBXNativeTarget "FTBarChart" */;
			buildPhases = (
				DFAAAC971D4728F1009CBA50 /* Sources */,
				DFAAAC981D4728F1009CBA50 /* Frameworks */,
				DFAAAC991D4728F1009CBA50 /* Resources */,
			);
			buildRules = (
			);
			dependencies = (
			);
			name = FTBarChart;
			productName = FTBarChart;
			productReference = DFAAAC9B1D4728F1009CBA50 /* FTBarChart.app */;
			productType = "com.apple.product-type.application";
		};
/* End PBXNativeTarget section */

/* Begin PBXProject section */
		DFAAAC931D4728F1009CBA50 /* Project object */ = {
			isa = PBXProject;
			attributes = {
				LastUpgradeCheck = 0730;
				ORGANIZATIONNAME = "徐法同";
				TargetAttributes = {
					DFAAAC9A1D4728F1009CBA50 = {
						CreatedOnToolsVersion = 7.3.1;
					};
				};
			};
			buildConfigurationList = DFAAAC961D4728F1009CBA50 /* Build configuration list for PBXProject "FTBarChart" */;
			compatibilityVersion = "Xcode 3.2";
			developmentRegion = English;
			hasScannedForEncodings = 0;
			knownRegions = (
				en,
				Base,
			);
			mainGroup = DFAAAC921D4728F1009CBA50;
			productRefGroup = DFAAAC9C1D4728F1009CBA50 /* Products */;
			projectDirPath = "";
			projectRoot = "";
			targets = (
				DFAAAC9A1D4728F1009CBA50 /* FTBarChart */,
			);
		};
/* End PBXProject section */

/* Begin PBXResourcesBuildPhase section */
		DFAAAC991D4728F1009CBA50 /* Resources */ = {
			isa = PBXResourcesBuildPhase;
			buildActionMask = 2147483647;
			files = (
				DFAAACAE1D4728F1009CBA50 /* LaunchScreen.storyboard in Resources */,
				DFAAACAB1D4728F1009CBA50 /* Assets.xcassets in Resources */,
				DFAAACA91D4728F1009CBA50 /* Main.storyboard in Resources */,
			);
			runOnlyForDeploymentPostprocessing = 0;
		};
/* End PBXResourcesBuildPhase section */

/* Begin PBXSourcesBuildPhase section */
		DFAAAC971D4728F1009CBA50 /* Sources */ = {
			isa = PBXSourcesBuildPhase;
			buildActionMask = 2147483647;
			files = (
				DFAAACA61D4728F1009CBA50 /* ViewController.m in Sources */,
				DFAAACBB1D472A79009CBA50 /* FTBarChartViewController.m in Sources */,
				DFAAACC41D47345E009CBA50 /* FTBarView.m in Sources */,
				DFAAACBE1D472AB7009CBA50 /* FTBarChart.m in Sources */,
				DFAAACA31D4728F1009CBA50 /* AppDelegate.m in Sources */,
				DFAAACA01D4728F1009CBA50 /* main.m in Sources */,
				DFAAACC11D472E19009CBA50 /* FTBarChartMessage.m in Sources */,
			);
			runOnlyForDeploymentPostprocessing = 0;
		};
/* End PBXSourcesBuildPhase section */

/* Begin PBXVariantGroup section */
		DFAAACA71D4728F1009CBA50 /* Main.storyboard */ = {
			isa = PBXVariantGroup;
			children = (
				DFAAACA81D4728F1009CBA50 /* Base */,
			);
			name = Main.storyboard;
			sourceTree = "<group>";
		};
		DFAAACAC1D4728F1009CBA50 /* LaunchScreen.storyboard */ = {
			isa = PBXVariantGroup;
			children = (
				DFAAACAD1D4728F1009CBA50 /* Base */,
			);
			name = LaunchScreen.storyboard;
			sourceTree = "<group>";
		};
/* End PBXVariantGroup section */

/* Begin XCBuildConfiguration section */
		DFAAACB01D4728F1009CBA50 /* Debug */ = {
			isa = XCBuildConfiguration;
			buildSettings = {
				ALWAYS_SEARCH_USER_PATHS = NO;
				CLANG_ANALYZER_NONNULL = YES;
				CLANG_CXX_LANGUAGE_STANDARD = "gnu++0x";
				CLANG_CXX_LIBRARY = "libc++";
				CLANG_ENABLE_MODULES = YES;
				CLANG_ENABLE_OBJC_ARC = YES;
				CLANG_WARN_BOOL_CONVERSION = YES;
				CLANG_WARN_CONSTANT_CONVERSION = YES;
				CLANG_WARN_DIRECT_OBJC_ISA_USAGE = YES_ERROR;
				CLANG_WARN_EMPTY_BODY = YES;
				CLANG_WARN_ENUM_CONVERSION = YES;
				CLANG_WARN_INT_CONVERSION = YES;
				CLANG_WARN_OBJC_ROOT_CLASS = YES_ERROR;
				CLANG_WARN_UNREACHABLE_CODE = YES;
				CLANG_WARN__DUPLICATE_METHOD_MATCH = YES;
				"CODE_SIGN_IDENTITY[sdk=iphoneos*]" = "iPhone Developer";
				COPY_PHASE_STRIP = NO;
				DEBUG_INFORMATION_FORMAT = dwarf;
				ENABLE_STRICT_OBJC_MSGSEND = YES;
				ENABLE_TESTABILITY = YES;
				GCC_C_LANGUAGE_STANDARD = gnu99;
				GCC_DYNAMIC_NO_PIC = NO;
				GCC_NO_COMMON_BLOCKS = YES;
				GCC_OPTIMIZATION_LEVEL = 0;
				GCC_PREPROCESSOR_DEFINITIONS = (
					"DEBUG=1",
					"$(inherited)",
				);
				GCC_WARN_64_TO_32_BIT_CONVERSION = YES;
				GCC_WARN_ABOUT_RETURN_TYPE = YES_ERROR;
				GCC_WARN_UNDECLARED_SELECTOR = YES;
				GCC_WARN_UNINITIALIZED_AUTOS = YES_AGGRESSIVE;
				GCC_WARN_UNUSED_FUNCTION = YES;
				GCC_WARN_UNUSED_VARIABLE = YES;
				IPHONEOS_DEPLOYMENT_TARGET = 9.3;
				MTL_ENABLE_DEBUG_INFO = YES;
				ONLY_ACTIVE_ARCH = YES;
				SDKROOT = iphoneos;
				TARGETED_DEVICE_FAMILY = "1,2";
			};
			name = Debug;
		};
		DFAAACB11D4728F1009CBA50 /* Release */ = {
			isa = XCBuildConfiguration;
			buildSettings = {
				ALWAYS_SEARCH_USER_PATHS = NO;
				CLANG_ANALYZER_NONNULL = YES;
				CLANG_CXX_LANGUAGE_STANDARD = "gnu++0x";
				CLANG_CXX_LIBRARY = "libc++";
				CLANG_ENABLE_MODULES = YES;
				CLANG_ENABLE_OBJC_ARC = YES;
				CLANG_WARN_BOOL_CONVERSION = YES;
				CLANG_WARN_CONSTANT_CONVERSION = YES;
				CLANG_WARN_DIRECT_OBJC_ISA_USAGE = YES_ERROR;
				CLANG_WARN_EMPTY_BODY = YES;
				CLANG_WARN_ENUM_CONVERSION = YES;
				CLANG_WARN_INT_CONVERSION = YES;
				CLANG_WARN_OBJC_ROOT_CLASS = YES_ERROR;
				CLANG_WARN_UNREACHABLE_CODE = YES;
				CLANG_WARN__DUPLICATE_METHOD_MATCH = YES;
				"CODE_SIGN_IDENTITY[sdk=iphoneos*]" = "iPhone Developer";
				COPY_PHASE_STRIP = NO;
				DEBUG_INFORMATION_FORMAT = "dwarf-with-dsym";
				ENABLE_NS_ASSERTIONS = NO;
				ENABLE_STRICT_OBJC_MSGSEND = YES;
				GCC_C_LANGUAGE_STANDARD = gnu99;
				GCC_NO_COMMON_BLOCKS = YES;
				GCC_WARN_64_TO_32_BIT_CONVERSION = YES;
				GCC_WARN_ABOUT_RETURN_TYPE = YES_ERROR;
				GCC_WARN_UNDECLARED_SELECTOR = YES;
				GCC_WARN_UNINITIALIZED_AUTOS = YES_AGGRESSIVE;
				GCC_WARN_UNUSED_FUNCTION = YES;
				GCC_WARN_UNUSED_VARIABLE = YES;
				IPHONEOS_DEPLOYMENT_TARGET = 9.3;
				MTL_ENABLE_DEBUG_INFO = NO;
				SDKROOT = iphoneos;
				TARGETED_DEVICE_FAMILY = "1,2";
				VALIDATE_PRODUCT = YES;
			};
			name = Release;
		};
		DFAAACB31D4728F1009CBA50 /* Debug */ = {
			isa = XCBuildConfiguration;
			buildSettings = {
				ASSETCATALOG_COMPILER_APPICON_NAME = AppIcon;
				INFOPLIST_FILE = FTBarChart/Info.plist;
				LD_RUNPATH_SEARCH_PATHS = "$(inherited) @executable_path/Frameworks";
				PRODUCT_BUNDLE_IDENTIFIER = com.wansecheng.FTBarChart;
				PRODUCT_NAME = "$(TARGET_NAME)";
			};
			name = Debug;
		};
		DFAAACB41D4728F1009CBA50 /* Release */ = {
			isa = XCBuildConfiguration;
			buildSettings = {
				ASSETCATALOG_COMPILER_APPICON_NAME = AppIcon;
				INFOPLIST_FILE = FTBarChart/Info.plist;
				LD_RUNPATH_SEARCH_PATHS = "$(inherited) @executable_path/Frameworks";
				PRODUCT_BUNDLE_IDENTIFIER = com.wansecheng.FTBarChart;
				PRODUCT_NAME = "$(TARGET_NAME)";
			};
			name = Release;
		};
/* End XCBuildConfiguration section */

/* Begin XCConfigurationList section */
		DFAAAC961D4728F1009CBA50 /* Build configuration list for PBXProject "FTBarChart" */ = {
			isa = XCConfigurationList;
			buildConfigurations = (
				DFAAACB01D4728F1009CBA50 /* Debug */,
				DFAAACB11D4728F1009CBA50 /* Release */,
			);
			defaultConfigurationIsVisible = 0;
			defaultConfigurationName = Release;
		};
		DFAAACB21D4728F1009CBA50 /* Build configuration list for PBXNativeTarget "FTBarChart" */ = {
			isa = XCConfigurationList;
			buildConfigurations = (
				DFAAACB31D4728F1009CBA50 /* Debug */,
				DFAAACB41D4728F1009CBA50 /* Release */,
			);
			defaultConfigurationIsVisible = 0;
		};
/* End XCConfigurationList section */
	};
	rootObject = DFAAAC931D4728F1009CBA50 /* Project object */;
}
